lockfileVersion: 5.3

specifiers:
  compute-quantile: ^1.0.1
  memoize-fs: ^3.0.0
  meow: ^12.0.1
  octokit: ^3.1.0

dependencies:
  compute-quantile: 1.0.1
  memoize-fs: 3.0.0
  meow: 12.0.1
  octokit: 3.1.0

packages:

  /@babel/code-frame/7.22.10:
    resolution: {integrity: sha512-/KKIMG4UEL35WmI9OlvMhurwtytjvXoFcGNrOvyG9zIzA8YmPjVtIZUf7b05+TPO7G7/GEmLHDaoCgACHl9hhA==}
    engines: {node: '>=6.9.0'}
    dependencies:
      '@babel/highlight': 7.22.10
      chalk: 2.4.2
    dev: false

  /@babel/helper-validator-identifier/7.22.5:
    resolution: {integrity: sha512-aJXu+6lErq8ltp+JhkJUfk1MTGyuA4v7f3pA+BJ5HLfNC6nAQ0Cpi9uOquUj8Hehg0aUiHzWQbOVJGao6ztBAQ==}
    engines: {node: '>=6.9.0'}
    dev: false

  /@babel/highlight/7.22.10:
    resolution: {integrity: sha512-78aUtVcT7MUscr0K5mIEnkwxPE0MaxkR5RxRwuHaQ+JuU5AmTPhY+do2mdzVTnIJJpyBglql2pehuBIWHug+WQ==}
    engines: {node: '>=6.9.0'}
    dependencies:
      '@babel/helper-validator-identifier': 7.22.5
      chalk: 2.4.2
      js-tokens: 4.0.0
    dev: false

  /@octokit/app/14.0.0:
    resolution: {integrity: sha512-g/zDXttroZ9Se08shK0d0d/j0cgSA+h4WV7qGUevNEM0piNBkIlfb4Fm6bSwCNAZhNf72mBgERmYOoxicPkqdw==}
    engines: {node: '>= 18'}
    dependencies:
      '@octokit/auth-app': 6.0.0
      '@octokit/auth-unauthenticated': 5.0.0
      '@octokit/core': 5.0.0
      '@octokit/oauth-app': 6.0.0
      '@octokit/plugin-paginate-rest': 8.0.0_@octokit+core@5.0.0
      '@octokit/types': 11.1.0
      '@octokit/webhooks': 12.0.3
    dev: false

  /@octokit/auth-app/6.0.0:
    resolution: {integrity: sha512-OKct7Rukf3g9DjpzcpdacQsdmd6oPrJ7fZND22JkjzhDvfhttUOnmh+qPS4kHhaNNyTxqSThnfrUWvkqNLd1nw==}
    engines: {node: '>= 18'}
    dependencies:
      '@octokit/auth-oauth-app': 7.0.0
      '@octokit/auth-oauth-user': 4.0.0
      '@octokit/request': 8.1.1
      '@octokit/request-error': 5.0.0
      '@octokit/types': 11.1.0
      deprecation: 2.3.1
      lru-cache: 10.0.1
      universal-github-app-jwt: 1.1.1
      universal-user-agent: 6.0.0
    dev: false

  /@octokit/auth-oauth-app/7.0.0:
    resolution: {integrity: sha512-8JvJEXGoEqrbzLwt3SwIUvkDd+1wrM8up0KawvDIElB8rbxPbvWppGO0SLKAWSJ0q8ILcVq+mWck6pDcZ3a9KA==}
    engines: {node: '>= 18'}
    dependencies:
      '@octokit/auth-oauth-device': 6.0.0
      '@octokit/auth-oauth-user': 4.0.0
      '@octokit/request': 8.1.1
      '@octokit/types': 11.1.0
      '@types/btoa-lite': 1.0.0
      btoa-lite: 1.0.0
      universal-user-agent: 6.0.0
    dev: false

  /@octokit/auth-oauth-device/6.0.0:
    resolution: {integrity: sha512-Zgf/LKhwWk54rJaTGYVYtbKgUty+ouil6VQeRd+pCw7Gd0ECoSWaZuHK6uDGC/HtnWHjpSWFhzxPauDoHcNRtg==}
    engines: {node: '>= 18'}
    dependencies:
      '@octokit/oauth-methods': 4.0.0
      '@octokit/request': 8.1.1
      '@octokit/types': 11.1.0
      universal-user-agent: 6.0.0
    dev: false

  /@octokit/auth-oauth-user/4.0.0:
    resolution: {integrity: sha512-VOm5aIkVGHaOhIvsF/4YmSjoYDzzrKbbYkdSEO0KqHK7I8SlO3ZndSikQ1fBlNPUEH0ve2BOTxLrVvI1qBf9/Q==}
    engines: {node: '>= 18'}
    dependencies:
      '@octokit/auth-oauth-device': 6.0.0
      '@octokit/oauth-methods': 4.0.0
      '@octokit/request': 8.1.1
      '@octokit/types': 11.1.0
      btoa-lite: 1.0.0
      universal-user-agent: 6.0.0
    dev: false

  /@octokit/auth-token/4.0.0:
    resolution: {integrity: sha512-tY/msAuJo6ARbK6SPIxZrPBms3xPbfwBrulZe0Wtr/DIY9lje2HeV1uoebShn6mx7SjCHif6EjMvoREj+gZ+SA==}
    engines: {node: '>= 18'}
    dev: false

  /@octokit/auth-unauthenticated/5.0.0:
    resolution: {integrity: sha512-AjOI6FNB2dweJ85p6rf7D4EhE4y6VBcwYfX/7KJkR5Q9fD9ET6NABAjajUTSNFfCxmNIaQgISggZ3pkgwtTqsA==}
    engines: {node: '>= 18'}
    dependencies:
      '@octokit/request-error': 5.0.0
      '@octokit/types': 11.1.0
    dev: false

  /@octokit/core/5.0.0:
    resolution: {integrity: sha512-YbAtMWIrbZ9FCXbLwT9wWB8TyLjq9mxpKdgB3dUNxQcIVTf9hJ70gRPwAcqGZdY6WdJPZ0I7jLaaNDCiloGN2A==}
    engines: {node: '>= 18'}
    dependencies:
      '@octokit/auth-token': 4.0.0
      '@octokit/graphql': 7.0.1
      '@octokit/request': 8.1.1
      '@octokit/request-error': 5.0.0
      '@octokit/types': 11.1.0
      before-after-hook: 2.2.3
      universal-user-agent: 6.0.0
    dev: false

  /@octokit/endpoint/9.0.0:
    resolution: {integrity: sha512-szrQhiqJ88gghWY2Htt8MqUDO6++E/EIXqJ2ZEp5ma3uGS46o7LZAzSLt49myB7rT+Hfw5Y6gO3LmOxGzHijAQ==}
    engines: {node: '>= 18'}
    dependencies:
      '@octokit/types': 11.1.0
      is-plain-object: 5.0.0
      universal-user-agent: 6.0.0
    dev: false

  /@octokit/graphql/7.0.1:
    resolution: {integrity: sha512-T5S3oZ1JOE58gom6MIcrgwZXzTaxRnxBso58xhozxHpOqSTgDS6YNeEUvZ/kRvXgPrRz/KHnZhtb7jUMRi9E6w==}
    engines: {node: '>= 18'}
    dependencies:
      '@octokit/request': 8.1.1
      '@octokit/types': 11.1.0
      universal-user-agent: 6.0.0
    dev: false

  /@octokit/oauth-app/6.0.0:
    resolution: {integrity: sha512-bNMkS+vJ6oz2hCyraT9ZfTpAQ8dZNqJJQVNaKjPLx4ue5RZiFdU1YWXguOPR8AaSHS+lKe+lR3abn2siGd+zow==}
    engines: {node: '>= 18'}
    dependencies:
      '@octokit/auth-oauth-app': 7.0.0
      '@octokit/auth-oauth-user': 4.0.0
      '@octokit/auth-unauthenticated': 5.0.0
      '@octokit/core': 5.0.0
      '@octokit/oauth-authorization-url': 6.0.2
      '@octokit/oauth-methods': 4.0.0
      '@types/aws-lambda': 8.10.119
      universal-user-agent: 6.0.0
    dev: false

  /@octokit/oauth-authorization-url/6.0.2:
    resolution: {integrity: sha512-CdoJukjXXxqLNK4y/VOiVzQVjibqoj/xHgInekviUJV73y/BSIcwvJ/4aNHPBPKcPWFnd4/lO9uqRV65jXhcLA==}
    engines: {node: '>= 18'}
    dev: false

  /@octokit/oauth-methods/4.0.0:
    resolution: {integrity: sha512-dqy7BZLfLbi3/8X8xPKUKZclMEK9vN3fK5WF3ortRvtplQTszFvdAGbTo71gGLO+4ZxspNiLjnqdd64Chklf7w==}
    engines: {node: '>= 18'}
    dependencies:
      '@octokit/oauth-authorization-url': 6.0.2
      '@octokit/request': 8.1.1
      '@octokit/request-error': 5.0.0
      '@octokit/types': 11.1.0
      btoa-lite: 1.0.0
    dev: false

  /@octokit/openapi-types/18.0.0:
    resolution: {integrity: sha512-V8GImKs3TeQRxRtXFpG2wl19V7444NIOTDF24AWuIbmNaNYOQMWRbjcGDXV5B+0n887fgDcuMNOmlul+k+oJtw==}
    dev: false

  /@octokit/plugin-paginate-graphql/4.0.0_@octokit+core@5.0.0:
    resolution: {integrity: sha512-7HcYW5tP7/Z6AETAPU14gp5H5KmCPT3hmJrS/5tO7HIgbwenYmgw4OY9Ma54FDySuxMwD+wsJlxtuGWwuZuItA==}
    engines: {node: '>= 18'}
    peerDependencies:
      '@octokit/core': '>=5'
    dependencies:
      '@octokit/core': 5.0.0
    dev: false

  /@octokit/plugin-paginate-rest/8.0.0_@octokit+core@5.0.0:
    resolution: {integrity: sha512-2xZ+baZWUg+qudVXnnvXz7qfrTmDeYPCzangBVq/1gXxii/OiS//4shJp9dnCCvj1x+JAm9ji1Egwm1BA47lPQ==}
    engines: {node: '>= 18'}
    peerDependencies:
      '@octokit/core': '>=5'
    dependencies:
      '@octokit/core': 5.0.0
      '@octokit/types': 11.1.0
    dev: false

  /@octokit/plugin-rest-endpoint-methods/9.0.0_@octokit+core@5.0.0:
    resolution: {integrity: sha512-KquMF/VB1IkKNiVnzJKspY5mFgGyLd7HzdJfVEGTJFzqu9BRFNWt+nwTCMuUiWc72gLQhRWYubTwOkQj+w/1PA==}
    engines: {node: '>= 18'}
    peerDependencies:
      '@octokit/core': '>=5'
    dependencies:
      '@octokit/core': 5.0.0
      '@octokit/types': 11.1.0
    dev: false

  /@octokit/plugin-retry/6.0.0_@octokit+core@5.0.0:
    resolution: {integrity: sha512-a1/A4A+PB1QoAHQfLJxGHhLfSAT03bR1jJz3GgQJZvty2ozawFWs93MiBQXO7SL2YbO7CIq0Goj4qLOBj8JeMQ==}
    engines: {node: '>= 18'}
    peerDependencies:
      '@octokit/core': '>=5'
    dependencies:
      '@octokit/core': 5.0.0
      '@octokit/request-error': 5.0.0
      '@octokit/types': 11.1.0
      bottleneck: 2.19.5
    dev: false

  /@octokit/plugin-throttling/7.0.0_@octokit+core@5.0.0:
    resolution: {integrity: sha512-KL2k/d0uANc8XqP5S64YcNFCudR3F5AaKO39XWdUtlJIjT9Ni79ekWJ6Kj5xvAw87udkOMEPcVf9xEge2+ahew==}
    engines: {node: '>= 18'}
    peerDependencies:
      '@octokit/core': ^5.0.0
    dependencies:
      '@octokit/core': 5.0.0
      '@octokit/types': 11.1.0
      bottleneck: 2.19.5
    dev: false

  /@octokit/request-error/5.0.0:
    resolution: {integrity: sha512-1ue0DH0Lif5iEqT52+Rf/hf0RmGO9NWFjrzmrkArpG9trFfDM/efx00BJHdLGuro4BR/gECxCU2Twf5OKrRFsQ==}
    engines: {node: '>= 18'}
    dependencies:
      '@octokit/types': 11.1.0
      deprecation: 2.3.1
      once: 1.4.0
    dev: false

  /@octokit/request/8.1.1:
    resolution: {integrity: sha512-8N+tdUz4aCqQmXl8FpHYfKG9GelDFd7XGVzyN8rc6WxVlYcfpHECnuRkgquzz+WzvHTK62co5di8gSXnzASZPQ==}
    engines: {node: '>= 18'}
    dependencies:
      '@octokit/endpoint': 9.0.0
      '@octokit/request-error': 5.0.0
      '@octokit/types': 11.1.0
      is-plain-object: 5.0.0
      universal-user-agent: 6.0.0
    dev: false

  /@octokit/types/11.1.0:
    resolution: {integrity: sha512-Fz0+7GyLm/bHt8fwEqgvRBWwIV1S6wRRyq+V6exRKLVWaKGsuy6H9QFYeBVDV7rK6fO3XwHgQOPxv+cLj2zpXQ==}
    dependencies:
      '@octokit/openapi-types': 18.0.0
    dev: false

  /@octokit/webhooks-methods/4.0.0:
    resolution: {integrity: sha512-M8mwmTXp+VeolOS/kfRvsDdW+IO0qJ8kYodM/sAysk093q6ApgmBXwK1ZlUvAwXVrp/YVHp6aArj4auAxUAOFw==}
    engines: {node: '>= 18'}
    dev: false

  /@octokit/webhooks-types/7.1.0:
    resolution: {integrity: sha512-y92CpG4kFFtBBjni8LHoV12IegJ+KFxLgKRengrVjKmGE5XMeCuGvlfRe75lTRrgXaG6XIWJlFpIDTlkoJsU8w==}
    dev: false

  /@octokit/webhooks/12.0.3:
    resolution: {integrity: sha512-8iG+/yza7hwz1RrQ7i7uGpK2/tuItZxZq1aTmeg2TNp2xTUB8F8lZF/FcZvyyAxT8tpDMF74TjFGCDACkf1kAQ==}
    engines: {node: '>= 18'}
    dependencies:
      '@octokit/request-error': 5.0.0
      '@octokit/webhooks-methods': 4.0.0
      '@octokit/webhooks-types': 7.1.0
      aggregate-error: 3.1.0
    dev: false

  /@types/aws-lambda/8.10.119:
    resolution: {integrity: sha512-Vqm22aZrCvCd6I5g1SvpW151jfqwTzEZ7XJ3yZ6xaZG31nUEOEyzzVImjRcsN8Wi/QyPxId/x8GTtgIbsy8kEw==}
    dev: false

  /@types/btoa-lite/1.0.0:
    resolution: {integrity: sha512-wJsiX1tosQ+J5+bY5LrSahHxr2wT+uME5UDwdN1kg4frt40euqA+wzECkmq4t5QbveHiJepfdThgQrPw6KiSlg==}
    dev: false

  /@types/jsonwebtoken/9.0.2:
    resolution: {integrity: sha512-drE6uz7QBKq1fYqqoFKTDRdFCPHd5TCub75BM+D+cMx7NU9hUz7SESLfC2fSCXVFMO5Yj8sOWHuGqPgjc+fz0Q==}
    dependencies:
      '@types/node': 20.4.9
    dev: false

  /@types/minimist/1.2.2:
    resolution: {integrity: sha512-jhuKLIRrhvCPLqwPcx6INqmKeiA5EWrsCOPhrlFSrbrmU4ZMPjj5Ul/oLCMDO98XRUIwVm78xICz4EPCektzeQ==}
    dev: false

  /@types/node/20.4.9:
    resolution: {integrity: sha512-8e2HYcg7ohnTUbHk8focoklEQYvemQmu9M/f43DZVx43kHn0tE3BY/6gSDxS7k0SprtS0NHvj+L80cGLnoOUcQ==}
    dev: false

  /@types/normalize-package-data/2.4.1:
    resolution: {integrity: sha512-Gj7cI7z+98M282Tqmp2K5EIsoouUEzbBJhQQzDE3jSIRk6r9gsz0oUokqIUR4u1R3dMHo0pDHM7sNOHyhulypw==}
    dev: false

  /aggregate-error/3.1.0:
    resolution: {integrity: sha512-4I7Td01quW/RpocfNayFdFVk1qSuoh0E7JrbRJ16nH01HhKFQ88INq9Sd+nd72zqRySlr9BmDA8xlEJ6vJMrYA==}
    engines: {node: '>=8'}
    dependencies:
      clean-stack: 2.2.0
      indent-string: 4.0.0
    dev: false

  /ansi-styles/3.2.1:
    resolution: {integrity: sha512-VT0ZI6kZRdTh8YyJw3SMbYm/u+NqfsAxEpWO0Pf9sq8/e94WxxOpPKx9FR1FlyCtOVDNOQ+8ntlqFxiRc+r5qA==}
    engines: {node: '>=4'}
    dependencies:
      color-convert: 1.9.3
    dev: false

  /arrify/1.0.1:
    resolution: {integrity: sha512-3CYzex9M9FGQjCGMGyi6/31c8GJbgb0qGyrx5HWxPd0aCwh4cB2YjMb2Xf9UuoogrMrlO9cTqnB5rI5GHZTcUA==}
    engines: {node: '>=0.10.0'}
    dev: false

  /before-after-hook/2.2.3:
    resolution: {integrity: sha512-NzUnlZexiaH/46WDhANlyR2bXRopNg4F/zuSA3OpZnllCUgRaOF2znDioDWrmbNVsuZk6l9pMquQB38cfBZwkQ==}
    dev: false

  /bottleneck/2.19.5:
    resolution: {integrity: sha512-VHiNCbI1lKdl44tGrhNfU3lup0Tj/ZBMJB5/2ZbNXRCPuRCO7ed2mgcK4r17y+KB2EfuYuRaVlwNbAeaWGSpbw==}
    dev: false

  /btoa-lite/1.0.0:
    resolution: {integrity: sha512-gvW7InbIyF8AicrqWoptdW08pUxuhq8BEgowNajy9RhiE86fmGAGl+bLKo6oB8QP0CkqHLowfN0oJdKC/J6LbA==}
    dev: false

  /buffer-equal-constant-time/1.0.1:
    resolution: {integrity: sha512-zRpUiDwd/xk6ADqPMATG8vc9VPrkck7T07OIx0gnjmJAnHnTVXNQG3vfvWNuiZIkwu9KrKdA1iJKfsfTVxE6NA==}
    dev: false

  /camelcase-keys/8.0.2:
    resolution: {integrity: sha512-qMKdlOfsjlezMqxkUGGMaWWs17i2HoL15tM+wtx8ld4nLrUwU58TFdvyGOz/piNP842KeO8yXvggVQSdQ828NA==}
    engines: {node: '>=14.16'}
    dependencies:
      camelcase: 7.0.1
      map-obj: 4.3.0
      quick-lru: 6.1.1
      type-fest: 2.19.0
    dev: false

  /camelcase/7.0.1:
    resolution: {integrity: sha512-xlx1yCK2Oc1APsPXDL2LdlNP6+uu8OCDdhOBSVT279M/S+y75O30C2VuD8T2ogdePBBl7PfPF4504tnLgX3zfw==}
    engines: {node: '>=14.16'}
    dev: false

  /chalk/2.4.2:
    resolution: {integrity: sha512-Mti+f9lpJNcwF4tWV8/OrTTtF1gZi+f8FqlyAdouralcFWFQWF2+NgCHShjkCb+IFBLq9buZwE1xckQU4peSuQ==}
    engines: {node: '>=4'}
    dependencies:
      ansi-styles: 3.2.1
      escape-string-regexp: 1.0.5
      supports-color: 5.5.0
    dev: false

  /clean-stack/2.2.0:
    resolution: {integrity: sha512-4diC9HaTE+KRAMWhDhrGOECgWZxoevMc5TlkObMqNSsVU62PYzXZ/SMTjzyGAFF1YusgxGcSWTEXBhp0CPwQ1A==}
    engines: {node: '>=6'}
    dev: false

  /color-convert/1.9.3:
    resolution: {integrity: sha512-QfAUtd+vFdAtFQcC8CCyYt1fYWxSqAiK2cSD6zDB8N3cpsEBAvRxp9zOGg6G/SHHJYAT88/az/IuDGALsNVbGg==}
    dependencies:
      color-name: 1.1.3
    dev: false

  /color-name/1.1.3:
    resolution: {integrity: sha512-72fSenhMw2HZMTVHeCA9KCmpEIbzWiQsjN+BHcBbS9vr1mtt+vJjPdksIBNUmKAW8TFUDPJK5SUU3QhE9NEXDw==}
    dev: false

  /compute-quantile/1.0.1:
    resolution: {integrity: sha512-0o7szTa9QIs/1ZFdGwfS4gmo9df5elEGyLh+hpr1Ap1gsWQtNPHqChfJGR3Kt8swxqkgOUuUERnmVy0Zd7x2+Q==}
    dependencies:
      validate.io-object: 1.0.4
    dev: false

  /decamelize-keys/2.0.1:
    resolution: {integrity: sha512-nrNeSCtU2gV3Apcmn/EZ+aR20zKDuNDStV67jPiupokD3sOAFeMzslLMCFdKv1sPqzwoe5ZUhsSW9IAVgKSL/Q==}
    engines: {node: '>=14.16'}
    dependencies:
      decamelize: 6.0.0
      map-obj: 4.3.0
      quick-lru: 6.1.1
      type-fest: 3.13.1
    dev: false

  /decamelize/6.0.0:
    resolution: {integrity: sha512-Fv96DCsdOgB6mdGl67MT5JaTNKRzrzill5OH5s8bjYJXVlcXyPYGyPsUkWyGV5p1TXI5esYIYMMeDJL0hEIwaA==}
    engines: {node: ^12.20.0 || ^14.13.1 || >=16.0.0}
    dev: false

  /deprecation/2.3.1:
    resolution: {integrity: sha512-xmHIy4F3scKVwMsQ4WnVaS8bHOx0DmVwRywosKhaILI0ywMDWPtBSku2HNxRvF7jtwDRsoEwYQSfbxj8b7RlJQ==}
    dev: false

  /ecdsa-sig-formatter/1.0.11:
    resolution: {integrity: sha512-nagl3RYrbNv6kQkeJIpt6NJZy8twLB/2vtz6yN9Z4vRKHN4/QZJIEbqohALSgwKdnksuY3k5Addp5lg8sVoVcQ==}
    dependencies:
      safe-buffer: 5.2.1
    dev: false

  /error-ex/1.3.2:
    resolution: {integrity: sha512-7dFHNmqeFSEt2ZBsCriorKnn3Z2pj+fd9kmI6QoWw4//DL+icEBfc0U7qJCisqrTsKTjw4fNFy2pW9OqStD84g==}
    dependencies:
      is-arrayish: 0.2.1
    dev: false

  /escape-string-regexp/1.0.5:
    resolution: {integrity: sha512-vbRorB5FUQWvla16U8R/qgaFIya2qGzwDrNmCZuYKrbdSUMG6I1ZCGQRefkRVhuOkIGVne7BQ35DSfo1qvJqFg==}
    engines: {node: '>=0.8.0'}
    dev: false

  /find-up/6.3.0:
    resolution: {integrity: sha512-v2ZsoEuVHYy8ZIlYqwPe/39Cy+cFDzp4dXPaxNvkEuouymu+2Jbz0PxpKarJHYJTmv2HWT3O382qY8l4jMWthw==}
    engines: {node: ^12.20.0 || ^14.13.1 || >=16.0.0}
    dependencies:
      locate-path: 7.2.0
      path-exists: 5.0.0
    dev: false

  /function-bind/1.1.1:
    resolution: {integrity: sha512-yIovAzMX49sF8Yl58fSCWJ5svSLuaibPxXQJFLmBObTuCr0Mf1KiPopGM9NiFjiYBCbfaa2Fh6breQ6ANVTI0A==}
    dev: false

  /hard-rejection/2.1.0:
    resolution: {integrity: sha512-VIZB+ibDhx7ObhAe7OVtoEbuP4h/MuOTHJ+J8h/eBXotJYl0fBgR72xDFCKgIh22OJZIOVNxBMWuhAr10r8HdA==}
    engines: {node: '>=6'}
    dev: false

  /has-flag/3.0.0:
    resolution: {integrity: sha512-sKJf1+ceQBr4SMkvQnBDNDtf4TXpVhVGateu0t918bl30FnbE2m4vNLX+VWe/dpjlb+HugGYzW7uQXH98HPEYw==}
    engines: {node: '>=4'}
    dev: false

  /has/1.0.3:
    resolution: {integrity: sha512-f2dvO0VU6Oej7RkWJGrehjbzMAjFp5/VKPp5tTpWIV4JHHZK1/BxbFRtf/siA2SWTe09caDmVtYYzWEIbBS4zw==}
    engines: {node: '>= 0.4.0'}
    dependencies:
      function-bind: 1.1.1
    dev: false

  /hosted-git-info/4.1.0:
    resolution: {integrity: sha512-kyCuEOWjJqZuDbRHzL8V93NzQhwIB71oFWSyzVo+KPZI+pnQPPxucdkrOZvkLRnrf5URsQM+IJ09Dw29cRALIA==}
    engines: {node: '>=10'}
    dependencies:
      lru-cache: 6.0.0
    dev: false

  /hosted-git-info/6.1.1:
    resolution: {integrity: sha512-r0EI+HBMcXadMrugk0GCQ+6BQV39PiWAZVfq7oIckeGiN7sjRGyQxPdft3nQekFTCQbYxLBH+/axZMeH8UX6+w==}
    engines: {node: ^14.17.0 || ^16.13.0 || >=18.0.0}
    dependencies:
      lru-cache: 7.18.3
    dev: false

  /indent-string/4.0.0:
    resolution: {integrity: sha512-EdDDZu4A2OyIK7Lr/2zG+w5jmbuk1DVBnEwREQvBzspBJkCEbRa8GxU1lghYcaGJCnRWibjDXlq779X1/y5xwg==}
    engines: {node: '>=8'}
    dev: false

  /indent-string/5.0.0:
    resolution: {integrity: sha512-m6FAo/spmsW2Ab2fU35JTYwtOKa2yAwXSwgjSv1TJzh4Mh7mC3lzAOVLBprb72XsTrgkEIsl7YrFNAiDiRhIGg==}
    engines: {node: '>=12'}
    dev: false

  /is-arrayish/0.2.1:
    resolution: {integrity: sha512-zz06S8t0ozoDXMG+ube26zeCTNXcKIPJZJi8hBrF4idCLms4CG9QtK7qBl1boi5ODzFpjswb5JPmHCbMpjaYzg==}
    dev: false

  /is-core-module/2.13.0:
    resolution: {integrity: sha512-Z7dk6Qo8pOCp3l4tsX2C5ZVas4V+UxwQodwZhLopL91TX8UyyHEXafPcyoeeWuLrwzHcr3igO78wNLwHJHsMCQ==}
    dependencies:
      has: 1.0.3
    dev: false

  /is-plain-obj/1.1.0:
    resolution: {integrity: sha512-yvkRyxmFKEOQ4pNXCmJG5AEQNlXJS5LaONXo5/cLdTZdWvsZ1ioJEonLGAosKlMWE8lwUy/bJzMjcw8az73+Fg==}
    engines: {node: '>=0.10.0'}
    dev: false

  /is-plain-object/5.0.0:
    resolution: {integrity: sha512-VRSzKkbMm5jMDoKLbltAkFQ5Qr7VDiTFGXxYFXXowVj387GeGNOCsOH6Msy00SGZ3Fp84b1Naa1psqgcCIEP5Q==}
    engines: {node: '>=0.10.0'}
    dev: false

  /js-tokens/4.0.0:
    resolution: {integrity: sha512-RdJUflcE3cUzKiMqQgsCu06FPu9UdIJO0beYbPhHN4k6apgJtifcoCtT9bcxOpYBtpD2kCM6Sbzg4CausW/PKQ==}
    dev: false

  /json-parse-even-better-errors/2.3.1:
    resolution: {integrity: sha512-xyFwyhro/JEof6Ghe2iz2NcXoj2sloNsWr/XsERDK/oiPCfaNhl5ONfp+jQdAZRQQ0IJWNzH9zIZF7li91kh2w==}
    dev: false

  /jsonwebtoken/9.0.1:
    resolution: {integrity: sha512-K8wx7eJ5TPvEjuiVSkv167EVboBDv9PZdDoF7BgeQnBLVvZWW9clr2PsQHVJDTKaEIH5JBIwHujGcHp7GgI2eg==}
    engines: {node: '>=12', npm: '>=6'}
    dependencies:
      jws: 3.2.2
      lodash: 4.17.21
      ms: 2.1.3
      semver: 7.5.4
    dev: false

  /jwa/1.4.1:
    resolution: {integrity: sha512-qiLX/xhEEFKUAJ6FiBMbes3w9ATzyk5W7Hvzpa/SLYdxNtng+gcurvrI7TbACjIXlsJyr05/S1oUhZrc63evQA==}
    dependencies:
      buffer-equal-constant-time: 1.0.1
      ecdsa-sig-formatter: 1.0.11
      safe-buffer: 5.2.1
    dev: false

  /jws/3.2.2:
    resolution: {integrity: sha512-YHlZCB6lMTllWDtSPHz/ZXTsi8S00usEV6v1tjq8tOUZzw7DpSDWVXjXDre6ed1w/pd495ODpHZYSdkRTsa0HA==}
    dependencies:
      jwa: 1.4.1
      safe-buffer: 5.2.1
    dev: false

  /kind-of/6.0.3:
    resolution: {integrity: sha512-dcS1ul+9tmeD95T+x28/ehLgd9mENa3LsvDTtzm3vyBEO7RPptvAD+t44WVXaUjTBRcrpFeFlC8WCruUR456hw==}
    engines: {node: '>=0.10.0'}
    dev: false

  /lines-and-columns/1.2.4:
    resolution: {integrity: sha512-7ylylesZQ/PV29jhEDl3Ufjo6ZX7gCqJr5F7PKrqc93v7fzSymt1BpwEU8nAUXs8qzzvqhbjhK5QZg6Mt/HkBg==}
    dev: false

  /locate-path/7.2.0:
    resolution: {integrity: sha512-gvVijfZvn7R+2qyPX8mAuKcFGDf6Nc61GdvGafQsHL0sBIxfKzA+usWn4GFC/bk+QdwPUD4kWFJLhElipq+0VA==}
    engines: {node: ^12.20.0 || ^14.13.1 || >=16.0.0}
    dependencies:
      p-locate: 6.0.0
    dev: false

  /lodash/4.17.21:
    resolution: {integrity: sha512-v2kDEe57lecTulaDIuNTPy3Ry4gLGJ6Z1O3vE1krgXZNrsQ+LFTGHVxVjcXPs17LhbZVGedAJv8XZ1tvj5FvSg==}
    dev: false

  /lru-cache/10.0.1:
    resolution: {integrity: sha512-IJ4uwUTi2qCccrioU6g9g/5rvvVl13bsdczUUcqbciD9iLr095yj8DQKdObriEvuNSx325N1rV1O0sJFszx75g==}
    engines: {node: 14 || >=16.14}
    dev: false

  /lru-cache/6.0.0:
    resolution: {integrity: sha512-Jo6dJ04CmSjuznwJSS3pUeWmd/H0ffTlkXXgwZi+eq1UCmqQwCh+eLsYOYCwY991i2Fah4h1BEMCx4qThGbsiA==}
    engines: {node: '>=10'}
    dependencies:
      yallist: 4.0.0
    dev: false

  /lru-cache/7.18.3:
    resolution: {integrity: sha512-jumlc0BIUrS3qJGgIkWZsyfAM7NCWiBcCDhnd+3NNM5KbBmLTgHVfWBcg6W+rLUsIpzpERPsvwUP7CckAQSOoA==}
    engines: {node: '>=12'}
    dev: false

  /map-obj/4.3.0:
    resolution: {integrity: sha512-hdN1wVrZbb29eBGiGjJbeP8JbKjq1urkHJ/LIP/NY48MZ1QVXUsQBV1G1zvYFHn1XE06cwjBsOI2K3Ulnj1YXQ==}
    engines: {node: '>=8'}
    dev: false

  /memoize-fs/3.0.0:
    resolution: {integrity: sha512-GDHREGc0sQgnBMHGxUtjqU+/3oMskNZYXP8eMjduQdY8HbjOdQwtRhKzKjp1aw7Rmzvzv49j1+q9g5OdOw2ZCw==}
    engines: {node: '>= 10.13.0', npm: '>= 6.0.0'}
    dependencies:
      meriyah: 4.3.7
    dev: false

  /meow/12.0.1:
    resolution: {integrity: sha512-/QOqMALNoKQcJAOOdIXjNLtfcCdLXbMFyB1fOOPdm6RzfBTlsuodOCTBDjVbeUSmgDQb8UI2oONqYGtq1PKKKA==}
    engines: {node: '>=16.10'}
    dependencies:
      '@types/minimist': 1.2.2
      camelcase-keys: 8.0.2
      decamelize: 6.0.0
      decamelize-keys: 2.0.1
      hard-rejection: 2.1.0
      minimist-options: 4.1.0
      normalize-package-data: 5.0.0
      read-pkg-up: 9.1.0
      redent: 4.0.0
      trim-newlines: 5.0.0
      type-fest: 3.13.1
      yargs-parser: 21.1.1
    dev: false

  /meriyah/4.3.7:
    resolution: {integrity: sha512-JAlSOUqFU/rmLy2CEdZO5hN5E5dyUj1f4AlRR4GCQMjfobvd5lcm9JLkrqq0MgVaLQ/Zur590A+0RyUZhj0b5A==}
    engines: {node: '>=10.4.0'}
    dev: false

  /min-indent/1.0.1:
    resolution: {integrity: sha512-I9jwMn07Sy/IwOj3zVkVik2JTvgpaykDZEigL6Rx6N9LbMywwUSMtxET+7lVoDLLd3O3IXwJwvuuns8UB/HeAg==}
    engines: {node: '>=4'}
    dev: false

  /minimist-options/4.1.0:
    resolution: {integrity: sha512-Q4r8ghd80yhO/0j1O3B2BjweX3fiHg9cdOwjJd2J76Q135c+NDxGCqdYKQ1SKBuFfgWbAUzBfvYjPUEeNgqN1A==}
    engines: {node: '>= 6'}
    dependencies:
      arrify: 1.0.1
      is-plain-obj: 1.1.0
      kind-of: 6.0.3
    dev: false

  /ms/2.1.3:
    resolution: {integrity: sha512-6FlzubTLZG3J2a/NVCAleEhjzq5oxgHyaCU9yYXvcLsvoVaHJq/s5xXI6/XXP6tz7R9xAOtHnSO/tXtF3WRTlA==}
    dev: false

  /normalize-package-data/3.0.3:
    resolution: {integrity: sha512-p2W1sgqij3zMMyRC067Dg16bfzVH+w7hyegmpIvZ4JNjqtGOVAIvLmjBx3yP7YTe9vKJgkoNOPjwQGogDoMXFA==}
    engines: {node: '>=10'}
    dependencies:
      hosted-git-info: 4.1.0
      is-core-module: 2.13.0
      semver: 7.5.4
      validate-npm-package-license: 3.0.4
    dev: false

  /normalize-package-data/5.0.0:
    resolution: {integrity: sha512-h9iPVIfrVZ9wVYQnxFgtw1ugSvGEMOlyPWWtm8BMJhnwyEL/FLbYbTY3V3PpjI/BUK67n9PEWDu6eHzu1fB15Q==}
    engines: {node: ^14.17.0 || ^16.13.0 || >=18.0.0}
    dependencies:
      hosted-git-info: 6.1.1
      is-core-module: 2.13.0
      semver: 7.5.4
      validate-npm-package-license: 3.0.4
    dev: false

  /octokit/3.1.0:
    resolution: {integrity: sha512-dmIH5D+edpb4/ASd6ZGo6BiRR1g4ytu8lG4f+6XN/2AW+CSuTsT0nj1d6rv/HKgoflMQ1+rb3KlVWcvrmgQZhw==}
    engines: {node: '>= 18'}
    dependencies:
      '@octokit/app': 14.0.0
      '@octokit/core': 5.0.0
      '@octokit/oauth-app': 6.0.0
      '@octokit/plugin-paginate-graphql': 4.0.0_@octokit+core@5.0.0
      '@octokit/plugin-paginate-rest': 8.0.0_@octokit+core@5.0.0
      '@octokit/plugin-rest-endpoint-methods': 9.0.0_@octokit+core@5.0.0
      '@octokit/plugin-retry': 6.0.0_@octokit+core@5.0.0
      '@octokit/plugin-throttling': 7.0.0_@octokit+core@5.0.0
      '@octokit/request-error': 5.0.0
      '@octokit/types': 11.1.0
    dev: false

  /once/1.4.0:
    resolution: {integrity: sha512-lNaJgI+2Q5URQBkccEKHTQOPaXdUxnZZElQTZY0MFUAuaEqe1E+Nyvgdz/aIyNi6Z9MzO5dv1H8n58/GELp3+w==}
    dependencies:
      wrappy: 1.0.2
    dev: false

  /p-limit/4.0.0:
    resolution: {integrity: sha512-5b0R4txpzjPWVw/cXXUResoD4hb6U/x9BH08L7nw+GN1sezDzPdxeRvpc9c433fZhBan/wusjbCsqwqm4EIBIQ==}
    engines: {node: ^12.20.0 || ^14.13.1 || >=16.0.0}
    dependencies:
      yocto-queue: 1.0.0
    dev: false

  /p-locate/6.0.0:
    resolution: {integrity: sha512-wPrq66Llhl7/4AGC6I+cqxT07LhXvWL08LNXz1fENOw0Ap4sRZZ/gZpTTJ5jpurzzzfS2W/Ge9BY3LgLjCShcw==}
    engines: {node: ^12.20.0 || ^14.13.1 || >=16.0.0}
    dependencies:
      p-limit: 4.0.0
    dev: false

  /parse-json/5.2.0:
    resolution: {integrity: sha512-ayCKvm/phCGxOkYRSCM82iDwct8/EonSEgCSxWxD7ve6jHggsFl4fZVQBPRNgQoKiuV/odhFrGzQXZwbifC8Rg==}
    engines: {node: '>=8'}
    dependencies:
      '@babel/code-frame': 7.22.10
      error-ex: 1.3.2
      json-parse-even-better-errors: 2.3.1
      lines-and-columns: 1.2.4
    dev: false

  /path-exists/5.0.0:
    resolution: {integrity: sha512-RjhtfwJOxzcFmNOi6ltcbcu4Iu+FL3zEj83dk4kAS+fVpTxXLO1b38RvJgT/0QwvV/L3aY9TAnyv0EOqW4GoMQ==}
    engines: {node: ^12.20.0 || ^14.13.1 || >=16.0.0}
    dev: false

  /quick-lru/6.1.1:
    resolution: {integrity: sha512-S27GBT+F0NTRiehtbrgaSE1idUAJ5bX8dPAQTdylEyNlrdcH5X4Lz7Edz3DYzecbsCluD5zO8ZNEe04z3D3u6Q==}
    engines: {node: '>=12'}
    dev: false

  /read-pkg-up/9.1.0:
    resolution: {integrity: sha512-vaMRR1AC1nrd5CQM0PhlRsO5oc2AAigqr7cCrZ/MW/Rsaflz4RlgzkpL4qoU/z1F6wrbd85iFv1OQj/y5RdGvg==}
    engines: {node: ^12.20.0 || ^14.13.1 || >=16.0.0}
    dependencies:
      find-up: 6.3.0
      read-pkg: 7.1.0
      type-fest: 2.19.0
    dev: false

  /read-pkg/7.1.0:
    resolution: {integrity: sha512-5iOehe+WF75IccPc30bWTbpdDQLOCc3Uu8bi3Dte3Eueij81yx1Mrufk8qBx/YAbR4uL1FdUr+7BKXDwEtisXg==}
    engines: {node: '>=12.20'}
    dependencies:
      '@types/normalize-package-data': 2.4.1
      normalize-package-data: 3.0.3
      parse-json: 5.2.0
      type-fest: 2.19.0
    dev: false

  /redent/4.0.0:
    resolution: {integrity: sha512-tYkDkVVtYkSVhuQ4zBgfvciymHaeuel+zFKXShfDnFP5SyVEP7qo70Rf1jTOTCx3vGNAbnEi/xFkcfQVMIBWag==}
    engines: {node: '>=12'}
    dependencies:
      indent-string: 5.0.0
      strip-indent: 4.0.0
    dev: false

  /safe-buffer/5.2.1:
    resolution: {integrity: sha512-rp3So07KcdmmKbGvgaNxQSJr7bGVSVk5S9Eq1F+ppbRo70+YeaDxkw5Dd8NPN+GD6bjnYm2VuPuCXmpuYvmCXQ==}
    dev: false

  /semver/7.5.4:
    resolution: {integrity: sha512-1bCSESV6Pv+i21Hvpxp3Dx+pSD8lIPt8uVjRrxAUt/nbswYc+tK6Y2btiULjd4+fnq15PX+nqQDC7Oft7WkwcA==}
    engines: {node: '>=10'}
    hasBin: true
    dependencies:
      lru-cache: 6.0.0
    dev: false

  /spdx-correct/3.2.0:
    resolution: {integrity: sha512-kN9dJbvnySHULIluDHy32WHRUu3Og7B9sbY7tsFLctQkIqnMh3hErYgdMjTYuqmcXX+lK5T1lnUt3G7zNswmZA==}
    dependencies:
      spdx-expression-parse: 3.0.1
      spdx-license-ids: 3.0.13
    dev: false

  /spdx-exceptions/2.3.0:
    resolution: {integrity: sha512-/tTrYOC7PPI1nUAgx34hUpqXuyJG+DTHJTnIULG4rDygi4xu/tfgmq1e1cIRwRzwZgo4NLySi+ricLkZkw4i5A==}
    dev: false

  /spdx-expression-parse/3.0.1:
    resolution: {integrity: sha512-cbqHunsQWnJNE6KhVSMsMeH5H/L9EpymbzqTQ3uLwNCLZ1Q481oWaofqH7nO6V07xlXwY6PhQdQ2IedWx/ZK4Q==}
    dependencies:
      spdx-exceptions: 2.3.0
      spdx-license-ids: 3.0.13
    dev: false

  /spdx-license-ids/3.0.13:
    resolution: {integrity: sha512-XkD+zwiqXHikFZm4AX/7JSCXA98U5Db4AFd5XUg/+9UNtnH75+Z9KxtpYiJZx36mUDVOwH83pl7yvCer6ewM3w==}
    dev: false

  /strip-indent/4.0.0:
    resolution: {integrity: sha512-mnVSV2l+Zv6BLpSD/8V87CW/y9EmmbYzGCIavsnsI6/nwn26DwffM/yztm30Z/I2DY9wdS3vXVCMnHDgZaVNoA==}
    engines: {node: '>=12'}
    dependencies:
      min-indent: 1.0.1
    dev: false

  /supports-color/5.5.0:
    resolution: {integrity: sha512-QjVjwdXIt408MIiAqCX4oUKsgU2EqAGzs2Ppkm4aQYbjm+ZEWEcW4SfFNTr4uMNZma0ey4f5lgLrkB0aX0QMow==}
    engines: {node: '>=4'}
    dependencies:
      has-flag: 3.0.0
    dev: false

  /trim-newlines/5.0.0:
    resolution: {integrity: sha512-kstfs+hgwmdsOadN3KgA+C68wPJwnZq4DN6WMDCvZapDWEF34W2TyPKN2v2+BJnZgIz5QOfxFeldLyYvdgRAwg==}
    engines: {node: '>=14.16'}
    dev: false

  /type-fest/2.19.0:
    resolution: {integrity: sha512-RAH822pAdBgcNMAfWnCBU3CFZcfZ/i1eZjwFU/dsLKumyuuP3niueg2UAukXYF0E2AAoc82ZSSf9J0WQBinzHA==}
    engines: {node: '>=12.20'}
    dev: false

  /type-fest/3.13.1:
    resolution: {integrity: sha512-tLq3bSNx+xSpwvAJnzrK0Ep5CLNWjvFTOp71URMaAEWBfRb9nnJiBoUe0tF8bI4ZFO3omgBR6NvnbzVUT3Ly4g==}
    engines: {node: '>=14.16'}
    dev: false

  /universal-github-app-jwt/1.1.1:
    resolution: {integrity: sha512-G33RTLrIBMFmlDV4u4CBF7dh71eWwykck4XgaxaIVeZKOYZRAAxvcGMRFTUclVY6xoUPQvO4Ne5wKGxYm/Yy9w==}
    dependencies:
      '@types/jsonwebtoken': 9.0.2
      jsonwebtoken: 9.0.1
    dev: false

  /universal-user-agent/6.0.0:
    resolution: {integrity: sha512-isyNax3wXoKaulPDZWHQqbmIx1k2tb9fb3GGDBRxCscfYV2Ch7WxPArBsFEG8s/safwXTT7H4QGhaIkTp9447w==}
    dev: false

  /validate-npm-package-license/3.0.4:
    resolution: {integrity: sha512-DpKm2Ui/xN7/HQKCtpZxoRWBhZ9Z0kqtygG8XCgNQ8ZlDnxuQmWhj566j8fN4Cu3/JmbhsDo7fcAJq4s9h27Ew==}
    dependencies:
      spdx-correct: 3.2.0
      spdx-expression-parse: 3.0.1
    dev: false

  /validate.io-array/1.0.6:
    resolution: {integrity: sha512-DeOy7CnPEziggrOO5CZhVKJw6S3Yi7e9e65R1Nl/RTN1vTQKnzjfvks0/8kQ40FP/dsjRAOd4hxmJ7uLa6vxkg==}
    dev: false

  /validate.io-object/1.0.4:
    resolution: {integrity: sha512-7F6MQSNoYmFm/zpvwg2fzDwQbZln9QRNWwmF6acm+QMkeluKVfXIw/D/Z/Sarg7yjmj1Go9WIjFXzmX86eCGYA==}
    dependencies:
      validate.io-array: 1.0.6
    dev: false

  /wrappy/1.0.2:
    resolution: {integrity: sha512-l4Sp/DRseor9wL6EvV2+TuQn63dMkPjZ/sp9XkghTEbV9KlPS1xUsZ3u7/IQO4wxtcFB4bgpQPRcR3QCvezPcQ==}
    dev: false

  /yallist/4.0.0:
    resolution: {integrity: sha512-3wdGidZyq5PB084XLES5TpOSRA3wjXAlIWMhum2kRcv/41Sn2emQ0dycQW4uZXLejwKvg6EsvbdlVL+FYEct7A==}
    dev: false

  /yargs-parser/21.1.1:
    resolution: {integrity: sha512-tVpsJW7DdjecAiFpbIB1e3qxIQsE6NoPc5/eTdrbbIC4h0LVsWhnoa3g+m2HclBIujHzsxZ4VJVA+GUuc2/LBw==}
    engines: {node: '>=12'}
    dev: false

  /yocto-queue/1.0.0:
    resolution: {integrity: sha512-9bnSc/HEW2uRy67wc+T8UwauLuPJVn28jb+GtJY16iiKWyvmYJRXVT4UamsAEGQfPohgr2q4Tq0sQbQlxTfi1g==}
    engines: {node: '>=12.20'}
    dev: false
